// !$*UTF8*$!
{
	archiveVersion = 1;
	classes = {
	};
	objectVersion = 46;
	objects = {

/* Begin PBXBuildFile section */
		0F16E79F9B6B53AF63896315 /* Pods_AreaCitySelectedUITests.framework in Frameworks */ = {isa = PBXBuildFile; fileRef = 990E554B58E60B09AF0251DB /* Pods_AreaCitySelectedUITests.framework */; };
		10BEBA60FE11F93315C14ED5 /* Pods_AreaCitySelectedTests.framework in Frameworks */ = {isa = PBXBuildFile; fileRef = 2D6CCC72B9795BE770A404FA /* Pods_AreaCitySelectedTests.framework */; };
		473703B31CFFDCCD0097AD11 /* AppDelegate.swift in Sources */ = {isa = PBXBuildFile; fileRef = 473703B21CFFDCCD0097AD11 /* AppDelegate.swift */; };
		473703BA1CFFDCCD0097AD11 /* Assets.xcassets in Resources */ = {isa = PBXBuildFile; fileRef = 473703B91CFFDCCD0097AD11 /* Assets.xcassets */; };
		473703BD1CFFDCCD0097AD11 /* LaunchScreen.storyboard in Resources */ = {isa = PBXBuildFile; fileRef = 473703BB1CFFDCCD0097AD11 /* LaunchScreen.storyboard */; };
		473703C81CFFDCCD0097AD11 /* AreaCitySelectedTests.swift in Sources */ = {isa = PBXBuildFile; fileRef = 473703C71CFFDCCD0097AD11 /* AreaCitySelectedTests.swift */; };
		473703D31CFFDCCD0097AD11 /* AreaCitySelectedUITests.swift in Sources */ = {isa = PBXBuildFile; fileRef = 473703D21CFFDCCD0097AD11 /* AreaCitySelectedUITests.swift */; };
		473703E21CFFDCEA0097AD11 /* AreaCityDataManager.swift in Sources */ = {isa = PBXBuildFile; fileRef = 473703E01CFFDCEA0097AD11 /* AreaCityDataManager.swift */; };
		473703E31CFFDCEA0097AD11 /* CityArea.db in Resources */ = {isa = PBXBuildFile; fileRef = 473703E11CFFDCEA0097AD11 /* CityArea.db */; };
		473703E51CFFDCFD0097AD11 /* ViewController.swift in Sources */ = {isa = PBXBuildFile; fileRef = 473703E41CFFDCFD0097AD11 /* ViewController.swift */; };
		473703EB1CFFDD120097AD11 /* Main.storyboard in Resources */ = {isa = PBXBuildFile; fileRef = 473703EA1CFFDD120097AD11 /* Main.storyboard */; };
		473703EF1CFFDD970097AD11 /* libsqlite3.tbd in Frameworks */ = {isa = PBXBuildFile; fileRef = 473703EE1CFFDD970097AD11 /* libsqlite3.tbd */; };
		48FC1A96D39DF36CD493927B /* Pods_AreaCitySelected.framework in Frameworks */ = {isa = PBXBuildFile; fileRef = 9CF4E26207307625CB6041DD /* Pods_AreaCitySelected.framework */; };
/* End PBXBuildFile section */

/* Begin PBXContainerItemProxy section */
		473703C41CFFDCCD0097AD11 /* PBXContainerItemProxy */ = {
			isa = PBXContainerItemProxy;
			containerPortal = 473703A71CFFDCCD0097AD11 /* Project object */;
			proxyType = 1;
			remoteGlobalIDString = 473703AE1CFFDCCD0097AD11;
			remoteInfo = AreaCitySelected;
		};
		473703CF1CFFDCCD0097AD11 /* PBXContainerItemProxy */ = {
			isa = PBXContainerItemProxy;
			containerPortal = 473703A71CFFDCCD0097AD11 /* Project object */;
			proxyType = 1;
			remoteGlobalIDString = 473703AE1CFFDCCD0097AD11;
			remoteInfo = AreaCitySelected;
		};
/* End PBXContainerItemProxy section */

/* Begin PBXFileReference section */
		0AF41BC9048E25E260E9C1F6 /* Pods-AreaCitySelected.release.xcconfig */ = {isa = PBXFileReference; includeInIndex = 1; lastKnownFileType = text.xcconfig; name = "Pods-AreaCitySelected.release.xcconfig"; path = "Pods/Target Support Files/Pods-AreaCitySelected/Pods-AreaCitySelected.release.xcconfig"; sourceTree = "<group>"; };
		2D6CCC72B9795BE770A404FA /* Pods_AreaCitySelectedTests.framework */ = {isa = PBXFileReference; explicitFileType = wrapper.framework; includeInIndex = 0; path = Pods_AreaCitySelectedTests.framework; sourceTree = BUILT_PRODUCTS_DIR; };
		473703AF1CFFDCCD0097AD11 /* AreaCitySelected.app */ = {isa = PBXFileReference; explicitFileType = wrapper.application; includeInIndex = 0; path = AreaCitySelected.app; sourceTree = BUILT_PRODUCTS_DIR; };
		473703B21CFFDCCD0097AD11 /* AppDelegate.swift */ = {isa = PBXFileReference; lastKnownFileType = sourcecode.swift; path = AppDelegate.swift; sourceTree = "<group>"; };
		473703B91CFFDCCD0097AD11 /* Assets.xcassets */ = {isa = PBXFileReference; lastKnownFileType = folder.assetcatalog; path = Assets.xcassets; sourceTree = "<group>"; };
		473703BC1CFFDCCD0097AD11 /* Base */ = {isa = PBXFileReference; lastKnownFileType = file.storyboard; name = Base; path = Base.lproj/LaunchScreen.storyboard; sourceTree = "<group>"; };
		473703BE1CFFDCCD0097AD11 /* Info.plist */ = {isa = PBXFileReference; lastKnownFileType = text.plist.xml; path = Info.plist; sourceTree = "<group>"; };
		473703C31CFFDCCD0097AD11 /* AreaCitySelectedTests.xctest */ = {isa = PBXFileReference; explicitFileType = wrapper.cfbundle; includeInIndex = 0; path = AreaCitySelectedTests.xctest; sourceTree = BUILT_PRODUCTS_DIR; };
		473703C71CFFDCCD0097AD11 /* AreaCitySelectedTests.swift */ = {isa = PBXFileReference; lastKnownFileType = sourcecode.swift; path = AreaCitySelectedTests.swift; sourceTree = "<group>"; };
		473703C91CFFDCCD0097AD11 /* Info.plist */ = {isa = PBXFileReference; lastKnownFileType = text.plist.xml; path = Info.plist; sourceTree = "<group>"; };
		473703CE1CFFDCCD0097AD11 /* AreaCitySelectedUITests.xctest */ = {isa = PBXFileReference; explicitFileType = wrapper.cfbundle; includeInIndex = 0; path = AreaCitySelectedUITests.xctest; sourceTree = BUILT_PRODUCTS_DIR; };
		473703D21CFFDCCD0097AD11 /* AreaCitySelectedUITests.swift */ = {isa = PBXFileReference; lastKnownFileType = sourcecode.swift; path = AreaCitySelectedUITests.swift; sourceTree = "<group>"; };
		473703D41CFFDCCD0097AD11 /* Info.plist */ = {isa = PBXFileReference; lastKnownFileType = text.plist.xml; path = Info.plist; sourceTree = "<group>"; };
		473703E01CFFDCEA0097AD11 /* AreaCityDataManager.swift */ = {isa = PBXFileReference; fileEncoding = 4; lastKnownFileType = sourcecode.swift; path = AreaCityDataManager.swift; sourceTree = "<group>"; };
		473703E11CFFDCEA0097AD11 /* CityArea.db */ = {isa = PBXFileReference; lastKnownFileType = file; path = CityArea.db; sourceTree = "<group>"; };
		473703E41CFFDCFD0097AD11 /* ViewController.swift */ = {isa = PBXFileReference; fileEncoding = 4; lastKnownFileType = sourcecode.swift; path = ViewController.swift; sourceTree = "<group>"; };
		473703EA1CFFDD120097AD11 /* Main.storyboard */ = {isa = PBXFileReference; fileEncoding = 4; lastKnownFileType = file.storyboard; path = Main.storyboard; sourceTree = "<group>"; };
		473703EE1CFFDD970097AD11 /* libsqlite3.tbd */ = {isa = PBXFileReference; lastKnownFileType = "sourcecode.text-based-dylib-definition"; name = libsqlite3.tbd; path = usr/lib/libsqlite3.tbd; sourceTree = SDKROOT; };
		473703F01CFFDDC40097AD11 /* AreaCitySelected-Bridging-Header.h */ = {isa = PBXFileReference; lastKnownFileType = sourcecode.c.h; path = "AreaCitySelected-Bridging-Header.h"; sourceTree = "<group>"; };
		7B6119573E64AE3D8B6680D4 /* Pods-AreaCitySelectedTests.debug.xcconfig */ = {isa = PBXFileReference; includeInIndex = 1; lastKnownFileType = text.xcconfig; name = "Pods-AreaCitySelectedTests.debug.xcconfig"; path = "Pods/Target Support Files/Pods-AreaCitySelectedTests/Pods-AreaCitySelectedTests.debug.xcconfig"; sourceTree = "<group>"; };
		7DE69B7F22FB3DA7AD9B9FB4 /* Pods-AreaCitySelectedUITests.debug.xcconfig */ = {isa = PBXFileReference; includeInIndex = 1; lastKnownFileType = text.xcconfig; name = "Pods-AreaCitySelectedUITests.debug.xcconfig"; path = "Pods/Target Support Files/Pods-AreaCitySelectedUITests/Pods-AreaCitySelectedUITests.debug.xcconfig"; sourceTree = "<group>"; };
		8CF86A77622B83AECC3C735C /* Pods-AreaCitySelectedUITests.release.xcconfig */ = {isa = PBXFileReference; includeInIndex = 1; lastKnownFileType = text.xcconfig; name = "Pods-AreaCitySelectedUITests.release.xcconfig"; path = "Pods/Target Support Files/Pods-AreaCitySelectedUITests/Pods-AreaCitySelectedUITests.release.xcconfig"; sourceTree = "<group>"; };
		990E554B58E60B09AF0251DB /* Pods_AreaCitySelectedUITests.framework */ = {isa = PBXFileReference; explicitFileType = wrapper.framework; includeInIndex = 0; path = Pods_AreaCitySelectedUITests.framework; sourceTree = BUILT_PRODUCTS_DIR; };
		9CF4E26207307625CB6041DD /* Pods_AreaCitySelected.framework */ = {isa = PBXFileReference; explicitFileType = wrapper.framework; includeInIndex = 0; path = Pods_AreaCitySelected.framework; sourceTree = BUILT_PRODUCTS_DIR; };
		BE859587FC6F31AAE2FCD92E /* Pods-AreaCitySelected.debug.xcconfig */ = {isa = PBXFileReference; includeInIndex = 1; lastKnownFileType = text.xcconfig; name = "Pods-AreaCitySelected.debug.xcconfig"; path = "Pods/Target Support Files/Pods-AreaCitySelected/Pods-AreaCitySelected.debug.xcconfig"; sourceTree = "<group>"; };
		C18CCCA21B02D09F503F5ED8 /* Pods-AreaCitySelectedTests.release.xcconfig */ = {isa = PBXFileReference; includeInIndex = 1; lastKnownFileType = text.xcconfig; name = "Pods-AreaCitySelectedTests.release.xcconfig"; path = "Pods/Target Support Files/Pods-AreaCitySelectedTests/Pods-AreaCitySelectedTests.release.xcconfig"; sourceTree = "<group>"; };
/* End PBXFileReference section */

/* Begin PBXFrameworksBuildPhase section */
		473703AC1CFFDCCD0097AD11 /* Frameworks */ = {
			isa = PBXFrameworksBuildPhase;
			buildActionMask = 2147483647;
			files = (
				473703EF1CFFDD970097AD11 /* libsqlite3.tbd in Frameworks */,
				48FC1A96D39DF36CD493927B /* Pods_AreaCitySelected.framework in Frameworks */,
			);
			runOnlyForDeploymentPostprocessing = 0;
		};
		473703C01CFFDCCD0097AD11 /* Frameworks */ = {
			isa = PBXFrameworksBuildPhase;
			buildActionMask = 2147483647;
			files = (
				10BEBA60FE11F93315C14ED5 /* Pods_AreaCitySelectedTests.framework in Frameworks */,
			);
			runOnlyForDeploymentPostprocessing = 0;
		};
		473703CB1CFFDCCD0097AD11 /* Frameworks */ = {
			isa = PBXFrameworksBuildPhase;
			buildActionMask = 2147483647;
			files = (
				0F16E79F9B6B53AF63896315 /* Pods_AreaCitySelectedUITests.framework in Frameworks */,
			);
			runOnlyForDeploymentPostprocessing = 0;
		};
/* End PBXFrameworksBuildPhase section */

/* Begin PBXGroup section */
		1F6B579C423E7F1C54012259 /* Frameworks */ = {
			isa = PBXGroup;
			children = (
				9CF4E26207307625CB6041DD /* Pods_AreaCitySelected.framework */,
				2D6CCC72B9795BE770A404FA /* Pods_AreaCitySelectedTests.framework */,
				990E554B58E60B09AF0251DB /* Pods_AreaCitySelectedUITests.framework */,
			);
			name = Frameworks;
			sourceTree = "<group>";
		};
		473703A61CFFDCCD0097AD11 = {
			isa = PBXGroup;
			children = (
				473703EE1CFFDD970097AD11 /* libsqlite3.tbd */,
				473703B11CFFDCCD0097AD11 /* AreaCitySelected */,
				473703C61CFFDCCD0097AD11 /* AreaCitySelectedTests */,
				473703D11CFFDCCD0097AD11 /* AreaCitySelectedUITests */,
				473703B01CFFDCCD0097AD11 /* Products */,
				C1B5B8C158C9D36E21F8A09E /* Pods */,
				1F6B579C423E7F1C54012259 /* Frameworks */,
			);
			sourceTree = "<group>";
		};
		473703B01CFFDCCD0097AD11 /* Products */ = {
			isa = PBXGroup;
			children = (
				473703AF1CFFDCCD0097AD11 /* AreaCitySelected.app */,
				473703C31CFFDCCD0097AD11 /* AreaCitySelectedTests.xctest */,
				473703CE1CFFDCCD0097AD11 /* AreaCitySelectedUITests.xctest */,
			);
			name = Products;
			sourceTree = "<group>";
		};
		473703B11CFFDCCD0097AD11 /* AreaCitySelected */ = {
			isa = PBXGroup;
			children = (
				473703B21CFFDCCD0097AD11 /* AppDelegate.swift */,
				473703E41CFFDCFD0097AD11 /* ViewController.swift */,
				473703EA1CFFDD120097AD11 /* Main.storyboard */,
				473703B91CFFDCCD0097AD11 /* Assets.xcassets */,
				473703E01CFFDCEA0097AD11 /* AreaCityDataManager.swift */,
				473703E11CFFDCEA0097AD11 /* CityArea.db */,
				473703BB1CFFDCCD0097AD11 /* LaunchScreen.storyboard */,
				473703BE1CFFDCCD0097AD11 /* Info.plist */,
				473703F01CFFDDC40097AD11 /* AreaCitySelected-Bridging-Header.h */,
			);
			path = AreaCitySelected;
			sourceTree = "<group>";
		};
		473703C61CFFDCCD0097AD11 /* AreaCitySelectedTests */ = {
			isa = PBXGroup;
			children = (
				473703C71CFFDCCD0097AD11 /* AreaCitySelectedTests.swift */,
				473703C91CFFDCCD0097AD11 /* Info.plist */,
			);
			path = AreaCitySelectedTests;
			sourceTree = "<group>";
		};
		473703D11CFFDCCD0097AD11 /* AreaCitySelectedUITests */ = {
			isa = PBXGroup;
			children = (
				473703D21CFFDCCD0097AD11 /* AreaCitySelectedUITests.swift */,
				473703D41CFFDCCD0097AD11 /* Info.plist */,
			);
			path = AreaCitySelectedUITests;
			sourceTree = "<group>";
		};
		C1B5B8C158C9D36E21F8A09E /* Pods */ = {
			isa = PBXGroup;
			children = (
				BE859587FC6F31AAE2FCD92E /* Pods-AreaCitySelected.debug.xcconfig */,
				0AF41BC9048E25E260E9C1F6 /* Pods-AreaCitySelected.release.xcconfig */,
				7B6119573E64AE3D8B6680D4 /* Pods-AreaCitySelectedTests.debug.xcconfig */,
				C18CCCA21B02D09F503F5ED8 /* Pods-AreaCitySelectedTests.release.xcconfig */,
				7DE69B7F22FB3DA7AD9B9FB4 /* Pods-AreaCitySelectedUITests.debug.xcconfig */,
				8CF86A77622B83AECC3C735C /* Pods-AreaCitySelectedUITests.release.xcconfig */,
			);
			name = Pods;
			sourceTree = "<group>";
		};
/* End PBXGroup section */

/* Begin PBXNativeTarget section */
		473703AE1CFFDCCD0097AD11 /* AreaCitySelected */ = {
			isa = PBXNativeTarget;
			buildConfigurationList = 473703D71CFFDCCD0097AD11 /* Build configuration list for PBXNativeTarget "AreaCitySelected" */;
			buildPhases = (
				79685377FE9A5599DACCF51E /* [CP] Check Pods Manifest.lock */,
				473703AB1CFFDCCD0097AD11 /* Sources */,
				473703AC1CFFDCCD0097AD11 /* Frameworks */,
				473703AD1CFFDCCD0097AD11 /* Resources */,
				9F4A6CFA4C85487F5E78C7CD /* [CP] Embed Pods Frameworks */,
				1C80469DFB713AF5CF5068E8 /* [CP] Copy Pods Resources */,
			);
			buildRules = (
			);
			dependencies = (
			);
			name = AreaCitySelected;
			productName = AreaCitySelected;
			productReference = 473703AF1CFFDCCD0097AD11 /* AreaCitySelected.app */;
			productType = "com.apple.product-type.application";
		};
		473703C21CFFDCCD0097AD11 /* AreaCitySelectedTests */ = {
			isa = PBXNativeTarget;
			buildConfigurationList = 473703DA1CFFDCCD0097AD11 /* Build configuration list for PBXNativeTarget "AreaCitySelectedTests" */;
			buildPhases = (
				22D5FC38CB4ACBED9FD683FF /* [CP] Check Pods Manifest.lock */,
				473703BF1CFFDCCD0097AD11 /* Sources */,
				473703C01CFFDCCD0097AD11 /* Frameworks */,
				473703C11CFFDCCD0097AD11 /* Resources */,
				2E2308C447E4C413A2DFBCC5 /* [CP] Embed Pods Frameworks */,
				4492942FBE59DAE776EACF64 /* [CP] Copy Pods Resources */,
			);
			buildRules = (
			);
			dependencies = (
				473703C51CFFDCCD0097AD11 /* PBXTargetDependency */,
			);
			name = AreaCitySelectedTests;
			productName = AreaCitySelectedTests;
			productReference = 473703C31CFFDCCD0097AD11 /* AreaCitySelectedTests.xctest */;
			productType = "com.apple.product-type.bundle.unit-test";
		};
		473703CD1CFFDCCD0097AD11 /* AreaCitySelectedUITests */ = {
			isa = PBXNativeTarget;
			buildConfigurationList = 473703DD1CFFDCCD0097AD11 /* Build configuration list for PBXNativeTarget "AreaCitySelectedUITests" */;
			buildPhases = (
				6F75BF49CE3FE0BBEE2758AB /* [CP] Check Pods Manifest.lock */,
				473703CA1CFFDCCD0097AD11 /* Sources */,
				473703CB1CFFDCCD0097AD11 /* Frameworks */,
				473703CC1CFFDCCD0097AD11 /* Resources */,
				549EB60A14F2005C49DB7636 /* [CP] Copy Pods Resources */,
			);
			buildRules = (
			);
			dependencies = (
				473703D01CFFDCCD0097AD11 /* PBXTargetDependency */,
			);
			name = AreaCitySelectedUITests;
			productName = AreaCitySelectedUITests;
			productReference = 473703CE1CFFDCCD0097AD11 /* AreaCitySelectedUITests.xctest */;
			productType = "com.apple.product-type.bundle.ui-testing";
		};
/* End PBXNativeTarget section */

/* Begin PBXProject section */
		473703A71CFFDCCD0097AD11 /* Project object */ = {
			isa = PBXProject;
			attributes = {
				LastSwiftUpdateCheck = 0730;
				LastUpgradeCheck = 0730;
				ORGANIZATIONNAME = GK;
				TargetAttributes = {
					473703AE1CFFDCCD0097AD11 = {
						CreatedOnToolsVersion = 7.3;
					};
					473703C21CFFDCCD0097AD11 = {
						CreatedOnToolsVersion = 7.3;
						TestTargetID = 473703AE1CFFDCCD0097AD11;
					};
					473703CD1CFFDCCD0097AD11 = {
						CreatedOnToolsVersion = 7.3;
						TestTargetID = 473703AE1CFFDCCD0097AD11;
					};
				};
			};
			buildConfigurationList = 473703AA1CFFDCCD0097AD11 /* Build configuration list for PBXProject "AreaCitySelected" */;
			compatibilityVersion = "Xcode 3.2";
			developmentRegion = English;
			hasScannedForEncodings = 0;
			knownRegions = (
				en,
				Base,
			);
			mainGroup = 473703A61CFFDCCD0097AD11;
			productRefGroup = 473703B01CFFDCCD0097AD11 /* Products */;
			projectDirPath = "";
			projectRoot = "";
			targets = (
				473703AE1CFFDCCD0097AD11 /* AreaCitySelected */,
				473703C21CFFDCCD0097AD11 /* AreaCitySelectedTests */,
				473703CD1CFFDCCD0097AD11 /* AreaCitySelectedUITests */,
			);
		};
/* End PBXProject section */

/* Begin PBXResourcesBuildPhase section */
		473703AD1CFFDCCD0097AD11 /* Resources */ = {
			isa = PBXResourcesBuildPhase;
			buildActionMask = 2147483647;
			files = (
				473703BD1CFFDCCD0097AD11 /* LaunchScreen.storyboard in Resources */,
				473703EB1CFFDD120097AD11 /* Main.storyboard in Resources */,
				473703E31CFFDCEA0097AD11 /* CityArea.db in Resources */,
				473703BA1CFFDCCD0097AD11 /* Assets.xcassets in Resources */,
			);
			runOnlyForDeploymentPostprocessing = 0;
		};
		473703C11CFFDCCD0097AD11 /* Resources */ = {
			isa = PBXResourcesBuildPhase;
			buildActionMask = 2147483647;
			files = (
			);
			runOnlyForDeploymentPostprocessing = 0;
		};
		473703CC1CFFDCCD0097AD11 /* Resources */ = {
			isa = PBXResourcesBuildPhase;
			buildActionMask = 2147483647;
			files = (
			);
			runOnlyForDeploymentPostprocessing = 0;
		};
/* End PBXResourcesBuildPhase section */

/* Begin PBXShellScriptBuildPhase section */
		1C80469DFB713AF5CF5068E8 /* [CP] Copy Pods Resources */ = {
			isa = PBXShellScriptBuildPhase;
			buildActionMask = 2147483647;
			files = (
			);
			inputPaths = (
			);
			name = "[CP] Copy Pods Resources";
			outputPaths = (
			);
			runOnlyForDeploymentPostprocessing = 0;
			shellPath = /bin/sh;
			shellScript = "\"${SRCROOT}/Pods/Target Support Files/Pods-AreaCitySelected/Pods-AreaCitySelected-resources.sh\"\n";
			showEnvVarsInLog = 0;
		};
		22D5FC38CB4ACBED9FD683FF /* [CP] Check Pods Manifest.lock */ = {
			isa = PBXShellScriptBuildPhase;
			buildActionMask = 2147483647;
			files = (
			);
			inputPaths = (
			);
			name = "[CP] Check Pods Manifest.lock";
			outputPaths = (
			);
			runOnlyForDeploymentPostprocessing = 0;
			shellPath = /bin/sh;
			shellScript = "diff \"${PODS_ROOT}/../Podfile.lock\" \"${PODS_ROOT}/Manifest.lock\" > /dev/null\nif [[ $? != 0 ]] ; then\n    cat << EOM\nerror: The sandbox is not in sync with the Podfile.lock. Run 'pod install' or update your CocoaPods installation.\nEOM\n    exit 1\nfi\n";
			showEnvVarsInLog = 0;
		};
		2E2308C447E4C413A2DFBCC5 /* [CP] Embed Pods Frameworks */ = {
			isa = PBXShellScriptBuildPhase;
			buildActionMask = 2147483647;
			files = (
			);
			inputPaths = (
			);
			name = "[CP] Embed Pods Frameworks";
			outputPaths = (
			);
			runOnlyForDeploymentPostprocessing = 0;
			shellPath = /bin/sh;
			shellScript = "\"${SRCROOT}/Pods/Target Support Files/Pods-AreaCitySelectedTests/Pods-AreaCitySelectedTests-frameworks.sh\"\n";
			showEnvVarsInLog = 0;
		};
		4492942FBE59DAE776EACF64 /* [CP] Copy Pods Resources */ = {
			isa = PBXShellScriptBuildPhase;
			buildActionMask = 2147483647;
			files = (
			);
			inputPaths = (
			);
			name = "[CP] Copy Pods Resources";
			outputPaths = (
			);
			runOnlyForDeploymentPostprocessing = 0;
			shellPath = /bin/sh;
			shellScript = "\"${SRCROOT}/Pods/Target Support Files/Pods-AreaCitySelectedTests/Pods-AreaCitySelectedTests-resources.sh\"\n";
			showEnvVarsInLog = 0;
		};
		549EB60A14F2005C49DB7636 /* [CP] Copy Pods Resources */ = {
			isa = PBXShellScriptBuildPhase;
			buildActionMask = 2147483647;
			files = (
			);
			inputPaths = (
			);
			name = "[CP] Copy Pods Resources";
			outputPaths = (
			);
			runOnlyForDeploymentPostprocessing = 0;
			shellPath = /bin/sh;
			shellScript = "\"${SRCROOT}/Pods/Target Support Files/Pods-AreaCitySelectedUITests/Pods-AreaCitySelectedUITests-resources.sh\"\n";
			showEnvVarsInLog = 0;
		};
		6F75BF49CE3FE0BBEE2758AB /* [CP] Check Pods Manifest.lock */ = {
			isa = PBXShellScriptBuildPhase;
			buildActionMask = 2147483647;
			files = (
			);
			inputPaths = (
			);
			name = "[CP] Check Pods Manifest.lock";
			outputPaths = (
			);
			runOnlyForDeploymentPostprocessing = 0;
			shellPath = /bin/sh;
			shellScript = "diff \"${PODS_ROOT}/../Podfile.lock\" \"${PODS_ROOT}/Manifest.lock\" > /dev/null\nif [[ $? != 0 ]] ; then\n    cat << EOM\nerror: The sandbox is not in sync with the Podfile.lock. Run 'pod install' or update your CocoaPods installation.\nEOM\n    exit 1\nfi\n";
			showEnvVarsInLog = 0;
		};
		79685377FE9A5599DACCF51E /* [CP] Check Pods Manifest.lock */ = {
			isa = PBXShellScriptBuildPhase;
			buildActionMask = 2147483647;
			files = (
			);
			inputPaths = (
			);
			name = "[CP] Check Pods Manifest.lock";
			outputPaths = (
			);
			runOnlyForDeploymentPostprocessing = 0;
			shellPath = /bin/sh;
			shellScript = "diff \"${PODS_ROOT}/../Podfile.lock\" \"${PODS_ROOT}/Manifest.lock\" > /dev/null\nif [[ $? != 0 ]] ; then\n    cat << EOM\nerror: The sandbox is not in sync with the Podfile.lock. Run 'pod install' or update your CocoaPods installation.\nEOM\n    exit 1\nfi\n";
			showEnvVarsInLog = 0;
		};
		9F4A6CFA4C85487F5E78C7CD /* [CP] Embed Pods Frameworks */ = {
			isa = PBXShellScriptBuildPhase;
			buildActionMask = 2147483647;
			files = (
			);
			inputPaths = (
			);
			name = "[CP] Embed Pods Frameworks";
			outputPaths = (
			);
			runOnlyForDeploymentPostprocessing = 0;
			shellPath = /bin/sh;
			shellScript = "\"${SRCROOT}/Pods/Target Support Files/Pods-AreaCitySelected/Pods-AreaCitySelected-frameworks.sh\"\n";
			showEnvVarsInLog = 0;
		};
/* End PBXShellScriptBuildPhase section */

/* Begin PBXSourcesBuildPhase section */
		473703AB1CFFDCCD0097AD11 /* Sources */ = {
			isa = PBXSourcesBuildPhase;
			buildActionMask = 2147483647;
			files = (
				473703E51CFFDCFD0097AD11 /* ViewController.swift in Sources */,
				473703B31CFFDCCD0097AD11 /* AppDelegate.swift in Sources */,
				473703E21CFFDCEA0097AD11 /* AreaCityDataManager.swift in Sources */,
			);
			runOnlyForDeploymentPostprocessing = 0;
		};
		473703BF1CFFDCCD0097AD11 /* Sources */ = {
			isa = PBXSourcesBuildPhase;
			buildActionMask = 2147483647;
			files = (
				473703C81CFFDCCD0097AD11 /* AreaCitySelectedTests.swift in Sources */,
			);
			runOnlyForDeploymentPostprocessing = 0;
		};
		473703CA1CFFDCCD0097AD11 /* Sources */ = {
			isa = PBXSourcesBuildPhase;
			buildActionMask = 2147483647;
			files = (
				473703D31CFFDCCD0097AD11 /* AreaCitySelectedUITests.swift in Sources */,
			);
			runOnlyForDeploymentPostprocessing = 0;
		};
/* End PBXSourcesBuildPhase section */

/* Begin PBXTargetDependency section */
		473703C51CFFDCCD0097AD11 /* PBXTargetDependency */ = {
			isa = PBXTargetDependency;
			target = 473703AE1CFFDCCD0097AD11 /* AreaCitySelected */;
			targetProxy = 473703C41CFFDCCD0097AD11 /* PBXContainerItemProxy */;
		};
		473703D01CFFDCCD0097AD11 /* PBXTargetDependency */ = {
			isa = PBXTargetDependency;
			target = 473703AE1CFFDCCD0097AD11 /* AreaCitySelected */;
			targetProxy = 473703CF1CFFDCCD0097AD11 /* PBXContainerItemProxy */;
		};
/* End PBXTargetDependency section */

/* Begin PBXVariantGroup section */
		473703BB1CFFDCCD0097AD11 /* LaunchScreen.storyboard */ = {
			isa = PBXVariantGroup;
			children = (
				473703BC1CFFDCCD0097AD11 /* Base */,
			);
			name = LaunchScreen.storyboard;
			sourceTree = "<group>";
		};
/* End PBXVariantGroup section */

/* Begin XCBuildConfiguration section */
		473703D51CFFDCCD0097AD11 /* Debug */ = {
			isa = XCBuildConfiguration;
			buildSettings = {
				ALWAYS_SEARCH_USER_PATHS = NO;
				CLANG_ANALYZER_NONNULL = YES;
				CLANG_CXX_LANGUAGE_STANDARD = "gnu++0x";
				CLANG_CXX_LIBRARY = "libc++";
				CLANG_ENABLE_MODULES = YES;
				CLANG_ENABLE_OBJC_ARC = YES;
				CLANG_WARN_BOOL_CONVERSION = YES;
				CLANG_WARN_CONSTANT_CONVERSION = YES;
				CLANG_WARN_DIRECT_OBJC_ISA_USAGE = YES_ERROR;
				CLANG_WARN_EMPTY_BODY = YES;
				CLANG_WARN_ENUM_CONVERSION = YES;
				CLANG_WARN_INT_CONVERSION = YES;
				CLANG_WARN_OBJC_ROOT_CLASS = YES_ERROR;
				CLANG_WARN_UNREACHABLE_CODE = YES;
				CLANG_WARN__DUPLICATE_METHOD_MATCH = YES;
				"CODE_SIGN_IDENTITY[sdk=iphoneos*]" = "iPhone Developer";
				COPY_PHASE_STRIP = NO;
				DEBUG_INFORMATION_FORMAT = dwarf;
				ENABLE_STRICT_OBJC_MSGSEND = YES;
				ENABLE_TESTABILITY = YES;
				GCC_C_LANGUAGE_STANDARD = gnu99;
				GCC_DYNAMIC_NO_PIC = NO;
				GCC_NO_COMMON_BLOCKS = YES;
				GCC_OPTIMIZATION_LEVEL = 0;
				GCC_PREPROCESSOR_DEFINITIONS = (
					"DEBUG=1",
					"$(inherited)",
				);
				GCC_WARN_64_TO_32_BIT_CONVERSION = YES;
				GCC_WARN_ABOUT_RETURN_TYPE = YES_ERROR;
				GCC_WARN_UNDECLARED_SELECTOR = YES;
				GCC_WARN_UNINITIALIZED_AUTOS = YES_AGGRESSIVE;
				GCC_WARN_UNUSED_FUNCTION = YES;
				GCC_WARN_UNUSED_VARIABLE = YES;
				IPHONEOS_DEPLOYMENT_TARGET = 9.3;
				MTL_ENABLE_DEBUG_INFO = YES;
				ONLY_ACTIVE_ARCH = YES;
				SDKROOT = iphoneos;
				SWIFT_OPTIMIZATION_LEVEL = "-Onone";
			};
			name = Debug;
		};
		473703D61CFFDCCD0097AD11 /* Release */ = {
			isa = XCBuildConfiguration;
			buildSettings = {
				ALWAYS_SEARCH_USER_PATHS = NO;
				CLANG_ANALYZER_NONNULL = YES;
				CLANG_CXX_LANGUAGE_STANDARD = "gnu++0x";
				CLANG_CXX_LIBRARY = "libc++";
				CLANG_ENABLE_MODULES = YES;
				CLANG_ENABLE_OBJC_ARC = YES;
				CLANG_WARN_BOOL_CONVERSION = YES;
				CLANG_WARN_CONSTANT_CONVERSION = YES;
				CLANG_WARN_DIRECT_OBJC_ISA_USAGE = YES_ERROR;
				CLANG_WARN_EMPTY_BODY = YES;
				CLANG_WARN_ENUM_CONVERSION = YES;
				CLANG_WARN_INT_CONVERSION = YES;
				CLANG_WARN_OBJC_ROOT_CLASS = YES_ERROR;
				CLANG_WARN_UNREACHABLE_CODE = YES;
				CLANG_WARN__DUPLICATE_METHOD_MATCH = YES;
				"CODE_SIGN_IDENTITY[sdk=iphoneos*]" = "iPhone Developer";
				COPY_PHASE_STRIP = NO;
				DEBUG_INFORMATION_FORMAT = "dwarf-with-dsym";
				ENABLE_NS_ASSERTIONS = NO;
				ENABLE_STRICT_OBJC_MSGSEND = YES;
				GCC_C_LANGUAGE_STANDARD = gnu99;
				GCC_NO_COMMON_BLOCKS = YES;
				GCC_WARN_64_TO_32_BIT_CONVERSION = YES;
				GCC_WARN_ABOUT_RETURN_TYPE = YES_ERROR;
				GCC_WARN_UNDECLARED_SELECTOR = YES;
				GCC_WARN_UNINITIALIZED_AUTOS = YES_AGGRESSIVE;
				GCC_WARN_UNUSED_FUNCTION = YES;
				GCC_WARN_UNUSED_VARIABLE = YES;
				IPHONEOS_DEPLOYMENT_TARGET = 9.3;
				MTL_ENABLE_DEBUG_INFO = NO;
				SDKROOT = iphoneos;
				VALIDATE_PRODUCT = YES;
			};
			name = Release;
		};
		473703D81CFFDCCD0097AD11 /* Debug */ = {
			isa = XCBuildConfiguration;
			baseConfigurationReference = BE859587FC6F31AAE2FCD92E /* Pods-AreaCitySelected.debug.xcconfig */;
			buildSettings = {
				ASSETCATALOG_COMPILER_APPICON_NAME = AppIcon;
				CLANG_ENABLE_MODULES = YES;
				INFOPLIST_FILE = AreaCitySelected/Info.plist;
				LD_RUNPATH_SEARCH_PATHS = "$(inherited) @executable_path/Frameworks";
				PRODUCT_BUNDLE_IDENTIFIER = com.apphouse.AreaCitySelected;
				PRODUCT_NAME = "$(TARGET_NAME)";
				SWIFT_OBJC_BRIDGING_HEADER = "AreaCitySelected/AreaCitySelected-Bridging-Header.h";
				SWIFT_OPTIMIZATION_LEVEL = "-Onone";
			};
			name = Debug;
		};
		473703D91CFFDCCD0097AD11 /* Release */ = {
			isa = XCBuildConfiguration;
			baseConfigurationReference = 0AF41BC9048E25E260E9C1F6 /* Pods-AreaCitySelected.release.xcconfig */;
			buildSettings = {
				ASSETCATALOG_COMPILER_APPICON_NAME = AppIcon;
				CLANG_ENABLE_MODULES = YES;
				INFOPLIST_FILE = AreaCitySelected/Info.plist;
				LD_RUNPATH_SEARCH_PATHS = "$(inherited) @executable_path/Frameworks";
				PRODUCT_BUNDLE_IDENTIFIER = com.apphouse.AreaCitySelected;
				PRODUCT_NAME = "$(TARGET_NAME)";
				SWIFT_OBJC_BRIDGING_HEADER = "AreaCitySelected/AreaCitySelected-Bridging-Header.h";
			};
			name = Release;
		};
		473703DB1CFFDCCD0097AD11 /* Debug */ = {
			isa = XCBuildConfiguration;
			baseConfigurationReference = 7B6119573E64AE3D8B6680D4 /* Pods-AreaCitySelectedTests.debug.xcconfig */;
			buildSettings = {
				BUNDLE_LOADER = "$(TEST_HOST)";
				INFOPLIST_FILE = AreaCitySelectedTests/Info.plist;
				LD_RUNPATH_SEARCH_PATHS = "$(inherited) @executable_path/Frameworks @loader_path/Frameworks";
				PRODUCT_BUNDLE_IDENTIFIER = com.apphouse.AreaCitySelectedTests;
				PRODUCT_NAME = "$(TARGET_NAME)";
				TEST_HOST = "$(BUILT_PRODUCTS_DIR)/AreaCitySelected.app/AreaCitySelected";
			};
			name = Debug;
		};
		473703DC1CFFDCCD0097AD11 /* Release */ = {
			isa = XCBuildConfiguration;
			baseConfigurationReference = C18CCCA21B02D09F503F5ED8 /* Pods-AreaCitySelectedTests.release.xcconfig */;
			buildSettings = {
				BUNDLE_LOADER = "$(TEST_HOST)";
				INFOPLIST_FILE = AreaCitySelectedTests/Info.plist;
				LD_RUNPATH_SEARCH_PATHS = "$(inherited) @executable_path/Frameworks @loader_path/Frameworks";
				PRODUCT_BUNDLE_IDENTIFIER = com.apphouse.AreaCitySelectedTests;
				PRODUCT_NAME = "$(TARGET_NAME)";
				TEST_HOST = "$(BUILT_PRODUCTS_DIR)/AreaCitySelected.app/AreaCitySelected";
			};
			name = Release;
		};
		473703DE1CFFDCCD0097AD11 /* Debug */ = {
			isa = XCBuildConfiguration;
			baseConfigurationReference = 7DE69B7F22FB3DA7AD9B9FB4 /* Pods-AreaCitySelectedUITests.debug.xcconfig */;
			buildSettings = {
				INFOPLIST_FILE = AreaCitySelectedUITests/Info.plist;
				LD_RUNPATH_SEARCH_PATHS = "$(inherited) @executable_path/Frameworks @loader_path/Frameworks";
				PRODUCT_BUNDLE_IDENTIFIER = com.apphouse.AreaCitySelectedUITests;
				PRODUCT_NAME = "$(TARGET_NAME)";
				TEST_TARGET_NAME = AreaCitySelected;
			};
			name = Debug;
		};
		473703DF1CFFDCCD0097AD11 /* Release */ = {
			isa = XCBuildConfiguration;
			baseConfigurationReference = 8CF86A77622B83AECC3C735C /* Pods-AreaCitySelectedUITests.release.xcconfig */;
			buildSettings = {
				INFOPLIST_FILE = AreaCitySelectedUITests/Info.plist;
				LD_RUNPATH_SEARCH_PATHS = "$(inherited) @executable_path/Frameworks @loader_path/Frameworks";
				PRODUCT_BUNDLE_IDENTIFIER = com.apphouse.AreaCitySelectedUITests;
				PRODUCT_NAME = "$(TARGET_NAME)";
				TEST_TARGET_NAME = AreaCitySelected;
			};
			name = Release;
		};
/* End XCBuildConfiguration section */

/* Begin XCConfigurationList section */
		473703AA1CFFDCCD0097AD11 /* Build configuration list for PBXProject "AreaCitySelected" */ = {
			isa = XCConfigurationList;
			buildConfigurations = (
				473703D51CFFDCCD0097AD11 /* Debug */,
				473703D61CFFDCCD0097AD11 /* Release */,
			);
			defaultConfigurationIsVisible = 0;
			defaultConfigurationName = Release;
		};
		473703D71CFFDCCD0097AD11 /* Build configuration list for PBXNativeTarget "AreaCitySelected" */ = {
			isa = XCConfigurationList;
			buildConfigurations = (
				473703D81CFFDCCD0097AD11 /* Debug */,
				473703D91CFFDCCD0097AD11 /* Release */,
			);
			defaultConfigurationIsVisible = 0;
			defaultConfigurationName = Release;
		};
		473703DA1CFFDCCD0097AD11 /* Build configuration list for PBXNativeTarget "AreaCitySelectedTests" */ = {
			isa = XCConfigurationList;
			buildConfigurations = (
				473703DB1CFFDCCD0097AD11 /* Debug */,
				473703DC1CFFDCCD0097AD11 /* Release */,
			);
			defaultConfigurationIsVisible = 0;
			defaultConfigurationName = Release;
		};
		473703DD1CFFDCCD0097AD11 /* Build configuration list for PBXNativeTarget "AreaCitySelectedUITests" */ = {
			isa = XCConfigurationList;
			buildConfigurations = (
				473703DE1CFFDCCD0097AD11 /* Debug */,
				473703DF1CFFDCCD0097AD11 /* Release */,
			);
			defaultConfigurationIsVisible = 0;
			defaultConfigurationName = Release;
		};
/* End XCConfigurationList section */
	};
	rootObject = 473703A71CFFDCCD0097AD11 /* Project object */;
}
